PODS:
  - device_info (0.0.1):
    - Flutter
  - device_info_plus (0.0.1):
    - Flutter
  - device_information (0.0.1):
    - Flutter
  - Flutter (1.0.0)
  - platform_device_id (0.0.1):
    - Flutter

DEPENDENCIES:
  - device_info (from `.symlinks/plugins/device_info/ios`)
  - device_info_plus (from `.symlinks/plugins/device_info_plus/ios`)
  - device_information (from `.symlinks/plugins/device_information/ios`)
  - Flutter (from `Flutter`)
  - platform_device_id (from `.symlinks/plugins/platform_device_id/ios`)

EXTERNAL SOURCES:
  device_info:
    :path: ".symlinks/plugins/device_info/ios"
  device_info_plus:
    :path: ".symlinks/plugins/device_info_plus/ios"
  device_information:
    :path: ".symlinks/plugins/device_information/ios"
  Flutter:
    :path: Flutter
  platform_device_id:
    :path: ".symlinks/plugins/platform_device_id/ios"

SPEC CHECKSUMS:
  device_info: d7d233b645a32c40dfdc212de5cf646ca482f175
  device_info_plus: c6fb39579d0f423935b0c9ce7ee2f44b71b9fce6
  device_information: d652f6dcea86bdc5300ffd495486de1d5047bf4f
  Flutter: e0871f40cf51350855a761d2e70bf5af5b9b5de7
  platform_device_id: 81b3e2993881f87d0c82ef151dc274df4869aef5

PODFILE CHECKSUM: 819463e6a0290f5a72f145ba7cde16e8b6ef0796

COCOAPODS: 1.15.2
